
Microsoft Visual Studio Solution File, Format Version 12.00
# Visual Studio Version 16
VisualStudioVersion = 16.0.29411.108
MinimumVisualStudioVersion = 15.0.26124.0
Project("{9A19103F-16F7-4668-BE54-9A1E7A4F7556}") = "API", "API\API\API.csproj", "{D8629150-1925-4388-BF24-DBBE02065217}"
EndProject
Project("{9A19103F-16F7-4668-BE54-9A1E7A4F7556}") = "WebApp1", "WebApp1\WebApp1.csproj", "{509C3691-5165-4156-9A1A-7B010783AF2A}"
EndProject
Project("{FAE04EC0-301F-11D3-BF4B-00C04F79EFBC}") = "WedappTest", "WedappTest\WedappTest.csproj", "{323FD7FD-CDCC-4F1D-A313-9AB462DA3399}"
EndProject
Project("{FAE04EC0-301F-11D3-BF4B-00C04F79EFBC}") = "APITest", "APITest\APITest.csproj", "{38330B85-AC0B-40EE-9391-0656856F8B44}"
EndProject
Project("{FAE04EC0-301F-11D3-BF4B-00C04F79EFBC}") = "Core", "Core\Core.csproj", "{56A6D8F4-C3DC-4AE1-9A08-367179CD6485}"
EndProject
Project("{FAE04EC0-301F-11D3-BF4B-00C04F79EFBC}") = "Data", "Data\Data.csproj", "{31839D43-F2F3-40DE-A7B7-6EB3267B1A0B}"
EndProject
Project("{FAE04EC0-301F-11D3-BF4B-00C04F79EFBC}") = "CoreTest", "CoreTest\CoreTest.csproj", "{07856D40-A9C8-43BE-8C6D-740764510004}"
EndProject
Global
	GlobalSection(SolutionConfigurationPlatforms) = preSolution
		Debug|Any CPU = Debug|Any CPU
		Debug|x64 = Debug|x64
		Debug|x86 = Debug|x86
		Release|Any CPU = Release|Any CPU
		Release|x64 = Release|x64
		Release|x86 = Release|x86
	EndGlobalSection
	GlobalSection(ProjectConfigurationPlatforms) = postSolution
		{D8629150-1925-4388-BF24-DBBE02065217}.Debug|Any CPU.ActiveCfg = Debug|Any CPU
		{D8629150-1925-4388-BF24-DBBE02065217}.Debug|Any CPU.Build.0 = Debug|Any CPU
		{D8629150-1925-4388-BF24-DBBE02065217}.Debug|x64.ActiveCfg = Debug|Any CPU
		{D8629150-1925-4388-BF24-DBBE02065217}.Debug|x64.Build.0 = Debug|Any CPU
		{D8629150-1925-4388-BF24-DBBE02065217}.Debug|x86.ActiveCfg = Debug|Any CPU
		{D8629150-1925-4388-BF24-DBBE02065217}.Debug|x86.Build.0 = Debug|Any CPU
		{D8629150-1925-4388-BF24-DBBE02065217}.Release|Any CPU.ActiveCfg = Release|Any CPU
		{D8629150-1925-4388-BF24-DBBE02065217}.Release|Any CPU.Build.0 = Release|Any CPU
		{D8629150-1925-4388-BF24-DBBE02065217}.Release|x64.ActiveCfg = Release|Any CPU
		{D8629150-1925-4388-BF24-DBBE02065217}.Release|x64.Build.0 = Release|Any CPU
		{D8629150-1925-4388-BF24-DBBE02065217}.Release|x86.ActiveCfg = Release|Any CPU
		{D8629150-1925-4388-BF24-DBBE02065217}.Release|x86.Build.0 = Release|Any CPU
		{509C3691-5165-4156-9A1A-7B010783AF2A}.Debug|Any CPU.ActiveCfg = Debug|Any CPU
		{509C3691-5165-4156-9A1A-7B010783AF2A}.Debug|Any CPU.Build.0 = Debug|Any CPU
		{509C3691-5165-4156-9A1A-7B010783AF2A}.Debug|x64.ActiveCfg = Debug|Any CPU
		{509C3691-5165-4156-9A1A-7B010783AF2A}.Debug|x64.Build.0 = Debug|Any CPU
		{509C3691-5165-4156-9A1A-7B010783AF2A}.Debug|x86.ActiveCfg = Debug|Any CPU
		{509C3691-5165-4156-9A1A-7B010783AF2A}.Debug|x86.Build.0 = Debug|Any CPU
		{509C3691-5165-4156-9A1A-7B010783AF2A}.Release|Any CPU.ActiveCfg = Release|Any CPU
		{509C3691-5165-4156-9A1A-7B010783AF2A}.Release|Any CPU.Build.0 = Release|Any CPU
		{509C3691-5165-4156-9A1A-7B010783AF2A}.Release|x64.ActiveCfg = Release|Any CPU
		{509C3691-5165-4156-9A1A-7B010783AF2A}.Release|x64.Build.0 = Release|Any CPU
		{509C3691-5165-4156-9A1A-7B010783AF2A}.Release|x86.ActiveCfg = Release|Any CPU
		{509C3691-5165-4156-9A1A-7B010783AF2A}.Release|x86.Build.0 = Release|Any CPU
		{323FD7FD-CDCC-4F1D-A313-9AB462DA3399}.Debug|Any CPU.ActiveCfg = Debug|Any CPU
		{323FD7FD-CDCC-4F1D-A313-9AB462DA3399}.Debug|Any CPU.Build.0 = Debug|Any CPU
		{323FD7FD-CDCC-4F1D-A313-9AB462DA3399}.Debug|x64.ActiveCfg = Debug|Any CPU
		{323FD7FD-CDCC-4F1D-A313-9AB462DA3399}.Debug|x64.Build.0 = Debug|Any CPU
		{323FD7FD-CDCC-4F1D-A313-9AB462DA3399}.Debug|x86.ActiveCfg = Debug|Any CPU
		{323FD7FD-CDCC-4F1D-A313-9AB462DA3399}.Debug|x86.Build.0 = Debug|Any CPU
		{323FD7FD-CDCC-4F1D-A313-9AB462DA3399}.Release|Any CPU.ActiveCfg = Release|Any CPU
		{323FD7FD-CDCC-4F1D-A313-9AB462DA3399}.Release|Any CPU.Build.0 = Release|Any CPU
		{323FD7FD-CDCC-4F1D-A313-9AB462DA3399}.Release|x64.ActiveCfg = Release|Any CPU
		{323FD7FD-CDCC-4F1D-A313-9AB462DA3399}.Release|x64.Build.0 = Release|Any CPU
		{323FD7FD-CDCC-4F1D-A313-9AB462DA3399}.Release|x86.ActiveCfg = Release|Any CPU
		{323FD7FD-CDCC-4F1D-A313-9AB462DA3399}.Release|x86.Build.0 = Release|Any CPU
		{38330B85-AC0B-40EE-9391-0656856F8B44}.Debug|Any CPU.ActiveCfg = Debug|Any CPU
		{38330B85-AC0B-40EE-9391-0656856F8B44}.Debug|Any CPU.Build.0 = Debug|Any CPU
		{38330B85-AC0B-40EE-9391-0656856F8B44}.Debug|x64.ActiveCfg = Debug|Any CPU
		{38330B85-AC0B-40EE-9391-0656856F8B44}.Debug|x64.Build.0 = Debug|Any CPU
		{38330B85-AC0B-40EE-9391-0656856F8B44}.Debug|x86.ActiveCfg = Debug|Any CPU
		{38330B85-AC0B-40EE-9391-0656856F8B44}.Debug|x86.Build.0 = Debug|Any CPU
		{38330B85-AC0B-40EE-9391-0656856F8B44}.Release|Any CPU.ActiveCfg = Release|Any CPU
		{38330B85-AC0B-40EE-9391-0656856F8B44}.Release|Any CPU.Build.0 = Release|Any CPU
		{38330B85-AC0B-40EE-9391-0656856F8B44}.Release|x64.ActiveCfg = Release|Any CPU
		{38330B85-AC0B-40EE-9391-0656856F8B44}.Release|x64.Build.0 = Release|Any CPU
		{38330B85-AC0B-40EE-9391-0656856F8B44}.Release|x86.ActiveCfg = Release|Any CPU
		{38330B85-AC0B-40EE-9391-0656856F8B44}.Release|x86.Build.0 = Release|Any CPU
		{56A6D8F4-C3DC-4AE1-9A08-367179CD6485}.Debug|Any CPU.ActiveCfg = Debug|Any CPU
		{56A6D8F4-C3DC-4AE1-9A08-367179CD6485}.Debug|Any CPU.Build.0 = Debug|Any CPU
		{56A6D8F4-C3DC-4AE1-9A08-367179CD6485}.Debug|x64.ActiveCfg = Debug|Any CPU
		{56A6D8F4-C3DC-4AE1-9A08-367179CD6485}.Debug|x64.Build.0 = Debug|Any CPU
		{56A6D8F4-C3DC-4AE1-9A08-367179CD6485}.Debug|x86.ActiveCfg = Debug|Any CPU
		{56A6D8F4-C3DC-4AE1-9A08-367179CD6485}.Debug|x86.Build.0 = Debug|Any CPU
		{56A6D8F4-C3DC-4AE1-9A08-367179CD6485}.Release|Any CPU.ActiveCfg = Release|Any CPU
		{56A6D8F4-C3DC-4AE1-9A08-367179CD6485}.Release|Any CPU.Build.0 = Release|Any CPU
		{56A6D8F4-C3DC-4AE1-9A08-367179CD6485}.Release|x64.ActiveCfg = Release|Any CPU
		{56A6D8F4-C3DC-4AE1-9A08-367179CD6485}.Release|x64.Build.0 = Release|Any CPU
		{56A6D8F4-C3DC-4AE1-9A08-367179CD6485}.Release|x86.ActiveCfg = Release|Any CPU
		{56A6D8F4-C3DC-4AE1-9A08-367179CD6485}.Release|x86.Build.0 = Release|Any CPU
		{31839D43-F2F3-40DE-A7B7-6EB3267B1A0B}.Debug|Any CPU.ActiveCfg = Debug|Any CPU
		{31839D43-F2F3-40DE-A7B7-6EB3267B1A0B}.Debug|Any CPU.Build.0 = Debug|Any CPU
		{31839D43-F2F3-40DE-A7B7-6EB3267B1A0B}.Debug|x64.ActiveCfg = Debug|Any CPU
		{31839D43-F2F3-40DE-A7B7-6EB3267B1A0B}.Debug|x64.Build.0 = Debug|Any CPU
		{31839D43-F2F3-40DE-A7B7-6EB3267B1A0B}.Debug|x86.ActiveCfg = Debug|Any CPU
		{31839D43-F2F3-40DE-A7B7-6EB3267B1A0B}.Debug|x86.Build.0 = Debug|Any CPU
		{31839D43-F2F3-40DE-A7B7-6EB3267B1A0B}.Release|Any CPU.ActiveCfg = Release|Any CPU
		{31839D43-F2F3-40DE-A7B7-6EB3267B1A0B}.Release|Any CPU.Build.0 = Release|Any CPU
		{31839D43-F2F3-40DE-A7B7-6EB3267B1A0B}.Release|x64.ActiveCfg = Release|Any CPU
		{31839D43-F2F3-40DE-A7B7-6EB3267B1A0B}.Release|x64.Build.0 = Release|Any CPU
		{31839D43-F2F3-40DE-A7B7-6EB3267B1A0B}.Release|x86.ActiveCfg = Release|Any CPU
		{31839D43-F2F3-40DE-A7B7-6EB3267B1A0B}.Release|x86.Build.0 = Release|Any CPU
		{07856D40-A9C8-43BE-8C6D-740764510004}.Debug|Any CPU.ActiveCfg = Debug|Any CPU
		{07856D40-A9C8-43BE-8C6D-740764510004}.Debug|Any CPU.Build.0 = Debug|Any CPU
		{07856D40-A9C8-43BE-8C6D-740764510004}.Debug|x64.ActiveCfg = Debug|Any CPU
		{07856D40-A9C8-43BE-8C6D-740764510004}.Debug|x64.Build.0 = Debug|Any CPU
		{07856D40-A9C8-43BE-8C6D-740764510004}.Debug|x86.ActiveCfg = Debug|Any CPU
		{07856D40-A9C8-43BE-8C6D-740764510004}.Debug|x86.Build.0 = Debug|Any CPU
		{07856D40-A9C8-43BE-8C6D-740764510004}.Release|Any CPU.ActiveCfg = Release|Any CPU
		{07856D40-A9C8-43BE-8C6D-740764510004}.Release|Any CPU.Build.0 = Release|Any CPU
		{07856D40-A9C8-43BE-8C6D-740764510004}.Release|x64.ActiveCfg = Release|Any CPU
		{07856D40-A9C8-43BE-8C6D-740764510004}.Release|x64.Build.0 = Release|Any CPU
		{07856D40-A9C8-43BE-8C6D-740764510004}.Release|x86.ActiveCfg = Release|Any CPU
		{07856D40-A9C8-43BE-8C6D-740764510004}.Release|x86.Build.0 = Release|Any CPU
	EndGlobalSection
	GlobalSection(SolutionProperties) = preSolution
		HideSolutionNode = FALSE
	EndGlobalSection
	GlobalSection(ExtensibilityGlobals) = postSolution
		SolutionGuid = {65D5D654-D100-4987-9C7D-A2A0A03A656A}
	EndGlobalSection
EndGlobal
